
Microsoft Visual Studio Solution File, Format Version 12.00
# Visual Studio Version 16
VisualStudioVersion = 16.0.28917.181
MinimumVisualStudioVersion = 10.0.40219.1
Project("{FAE04EC0-301F-11D3-BF4B-00C04F79EFBC}") = "Kontr1", "WindowsFormsApp1\Kontr1.csproj", "{7095E186-64B1-4886-A0FB-39CF15A11CC0}"
EndProject
Project("{FAE04EC0-301F-11D3-BF4B-00C04F79EFBC}") = "6_lab", "6_lab\6_lab.csproj", "{5D68C771-DAFA-4809-ADE6-5061D868D58D}"
EndProject
Project("{FAE04EC0-301F-11D3-BF4B-00C04F79EFBC}") = "9_Lab", "9_Lab\9_Lab.csproj", "{E68A5400-61E3-48F6-8402-D0A2A91A6D0A}"
EndProject
Project("{FAE04EC0-301F-11D3-BF4B-00C04F79EFBC}") = "7_laba", "7_laba\7_laba.csproj", "{8F3D03A2-AB1B-4AE1-8B7B-C4AB88F8CA70}"
EndProject
Project("{FAE04EC0-301F-11D3-BF4B-00C04F79EFBC}") = "kontr_2", "kontr_2\kontr_2.csproj", "{9FFE02D4-B434-46B7-B0CC-A8E5752DB9A3}"
EndProject
Global
	GlobalSection(SolutionConfigurationPlatforms) = preSolution
		Debug|Any CPU = Debug|Any CPU
		Release|Any CPU = Release|Any CPU
	EndGlobalSection
	GlobalSection(ProjectConfigurationPlatforms) = postSolution
		{7095E186-64B1-4886-A0FB-39CF15A11CC0}.Debug|Any CPU.ActiveCfg = Debug|Any CPU
		{7095E186-64B1-4886-A0FB-39CF15A11CC0}.Debug|Any CPU.Build.0 = Debug|Any CPU
		{7095E186-64B1-4886-A0FB-39CF15A11CC0}.Release|Any CPU.ActiveCfg = Release|Any CPU
		{7095E186-64B1-4886-A0FB-39CF15A11CC0}.Release|Any CPU.Build.0 = Release|Any CPU
		{5D68C771-DAFA-4809-ADE6-5061D868D58D}.Debug|Any CPU.ActiveCfg = Debug|Any CPU
		{5D68C771-DAFA-4809-ADE6-5061D868D58D}.Debug|Any CPU.Build.0 = Debug|Any CPU
		{5D68C771-DAFA-4809-ADE6-5061D868D58D}.Release|Any CPU.ActiveCfg = Release|Any CPU
		{5D68C771-DAFA-4809-ADE6-5061D868D58D}.Release|Any CPU.Build.0 = Release|Any CPU
		{E68A5400-61E3-48F6-8402-D0A2A91A6D0A}.Debug|Any CPU.ActiveCfg = Debug|Any CPU
		{E68A5400-61E3-48F6-8402-D0A2A91A6D0A}.Debug|Any CPU.Build.0 = Debug|Any CPU
		{E68A5400-61E3-48F6-8402-D0A2A91A6D0A}.Release|Any CPU.ActiveCfg = Release|Any CPU
		{E68A5400-61E3-48F6-8402-D0A2A91A6D0A}.Release|Any CPU.Build.0 = Release|Any CPU
		{8F3D03A2-AB1B-4AE1-8B7B-C4AB88F8CA70}.Debug|Any CPU.ActiveCfg = Debug|Any CPU
		{8F3D03A2-AB1B-4AE1-8B7B-C4AB88F8CA70}.Debug|Any CPU.Build.0 = Debug|Any CPU
		{8F3D03A2-AB1B-4AE1-8B7B-C4AB88F8CA70}.Release|Any CPU.ActiveCfg = Release|Any CPU
		{8F3D03A2-AB1B-4AE1-8B7B-C4AB88F8CA70}.Release|Any CPU.Build.0 = Release|Any CPU
		{9FFE02D4-B434-46B7-B0CC-A8E5752DB9A3}.Debug|Any CPU.ActiveCfg = Debug|Any CPU
		{9FFE02D4-B434-46B7-B0CC-A8E5752DB9A3}.Debug|Any CPU.Build.0 = Debug|Any CPU
		{9FFE02D4-B434-46B7-B0CC-A8E5752DB9A3}.Release|Any CPU.ActiveCfg = Release|Any CPU
		{9FFE02D4-B434-46B7-B0CC-A8E5752DB9A3}.Release|Any CPU.Build.0 = Release|Any CPU
	EndGlobalSection
	GlobalSection(SolutionProperties) = preSolution
		HideSolutionNode = FALSE
	EndGlobalSection
	GlobalSection(ExtensibilityGlobals) = postSolution
		SolutionGuid = {37B95581-F075-4DB6-848E-F1404668B23E}
	EndGlobalSection
EndGlobal
